
Microsoft Visual Studio Solution File, Format Version 9.00
# Visual Studio 2005
Project("{8BC9CEB8-8B4A-11D0-8D11-00A0C91BC942}") = "OgreHavok", "OgreHavok\OgreHavok.vcproj", "{957CE5B8-6583-4A2E-A815-88EF09A8CF65}"
EndProject
Global
	GlobalSection(SolutionConfigurationPlatforms) = preSolution
		Debug|Win32 = Debug|Win32
		Release|Win32 = Release|Win32
	EndGlobalSection
	GlobalSection(ProjectConfigurationPlatforms) = postSolution
		{957CE5B8-6583-4A2E-A815-88EF09A8CF65}.Debug|Win32.ActiveCfg = Debug|Win32
		{957CE5B8-6583-4A2E-A815-88EF09A8CF65}.Debug|Win32.Build.0 = Debug|Win32
		{957CE5B8-6583-4A2E-A815-88EF09A8CF65}.Release|Win32.ActiveCfg = Release|Win32
		{957CE5B8-6583-4A2E-A815-88EF09A8CF65}.Release|Win32.Build.0 = Release|Win32
	EndGlobalSection
	GlobalSection(SolutionProperties) = preSolution
		HideSolutionNode = FALSE
	EndGlobalSection
EndGlobal
